
Microsoft Visual Studio Solution File, Format Version 12.00
# Visual Studio 15
VisualStudioVersion = 15.0.27703.2047
MinimumVisualStudioVersion = 10.0.40219.1
Project("{8BC9CEB8-8B4A-11D0-8D11-00A0C91BC942}") = "DigitRecognizer", "DigitRecognizer.vcxproj", "{ED652AE6-5501-4FFA-8052-D23BD0690955}"
EndProject
Global
	GlobalSection(SolutionConfigurationPlatforms) = preSolution
		Debug|x64 = Debug|x64
		Debug|x86 = Debug|x86
		Release|x64 = Release|x64
		Release|x86 = Release|x86
	EndGlobalSection
	GlobalSection(ProjectConfigurationPlatforms) = postSolution
		{ED652AE6-5501-4FFA-8052-D23BD0690955}.Debug|x64.ActiveCfg = Debug|x64
		{ED652AE6-5501-4FFA-8052-D23BD0690955}.Debug|x64.Build.0 = Debug|x64
		{ED652AE6-5501-4FFA-8052-D23BD0690955}.Debug|x86.ActiveCfg = Debug|Win32
		{ED652AE6-5501-4FFA-8052-D23BD0690955}.Debug|x86.Build.0 = Debug|Win32
		{ED652AE6-5501-4FFA-8052-D23BD0690955}.Release|x64.ActiveCfg = Release|x64
		{ED652AE6-5501-4FFA-8052-D23BD0690955}.Release|x64.Build.0 = Release|x64
		{ED652AE6-5501-4FFA-8052-D23BD0690955}.Release|x86.ActiveCfg = Release|Win32
		{ED652AE6-5501-4FFA-8052-D23BD0690955}.Release|x86.Build.0 = Release|Win32
	EndGlobalSection
	GlobalSection(SolutionProperties) = preSolution
		HideSolutionNode = FALSE
	EndGlobalSection
	GlobalSection(ExtensibilityGlobals) = postSolution
		SolutionGuid = {BB21EDEE-756F-41E1-AC3E-022A8C53550A}
	EndGlobalSection
EndGlobal
